{
  "name": "nl.onzewifi.insights2sql",
  "lockfileVersion": 3,
  "requires": true,
  "packages": {
    "": {
      "dependencies": {
        "fixture-stdout": "0.2.1",
        "luxon": "2.0.2",
        "mssql": "4.3.2"
      }
    },
    "node_modules/babel-runtime": {
      "version": "6.26.0",
      "license": "MIT",
      "dependencies": {
        "core-js": "^2.4.0",
        "regenerator-runtime": "^0.11.0"
      }
    },
    "node_modules/big-number": {
      "version": "0.3.1",
      "license": "MIT",
      "engines": {
        "node": ">= 0.4.x"
      }
    },
    "node_modules/bl": {
      "version": "1.2.2",
      "license": "MIT",
      "dependencies": {
        "readable-stream": "^2.3.5",
        "safe-buffer": "^5.1.1"
      }
    },
    "node_modules/core-js": {
      "version": "2.6.5",
      "license": "MIT"
    },
    "node_modules/core-util-is": {
      "version": "1.0.2",
      "license": "MIT"
    },
    "node_modules/debug": {
      "version": "3.2.6",
      "license": "MIT",
      "dependencies": {
        "ms": "^2.1.1"
      }
    },
    "node_modules/depd": {
      "version": "1.1.2",
      "license": "MIT",
      "engines": {
        "node": ">= 0.6"
      }
    },
    "node_modules/fixture-stdout": {
      "version": "0.2.1",
      "license": "MIT"
    },
    "node_modules/generic-pool": {
      "version": "3.6.1",
      "license": "MIT",
      "engines": {
        "node": ">= 4"
      }
    },
    "node_modules/iconv-lite": {
      "version": "0.4.24",
      "license": "MIT",
      "dependencies": {
        "safer-buffer": ">= 2.1.2 < 3"
      },
      "engines": {
        "node": ">=0.10.0"
      }
    },
    "node_modules/inherits": {
      "version": "2.0.3",
      "license": "ISC"
    },
    "node_modules/isarray": {
      "version": "1.0.0",
      "license": "MIT"
    },
    "node_modules/luxon": {
      "version": "2.0.2",
      "license": "MIT",
      "engines": {
        "node": "*"
      }
    },
    "node_modules/ms": {
      "version": "2.1.1",
      "license": "MIT"
    },
    "node_modules/mssql": {
      "version": "4.3.2",
      "license": "MIT",
      "dependencies": {
        "debug": "^3.2.6",
        "generic-pool": "^3.6",
        "tedious": "^2.7.1"
      },
      "bin": {
        "mssql": "bin/mssql"
      },
      "engines": {
        "node": ">=4"
      }
    },
    "node_modules/native-duplexpair": {
      "version": "1.0.0",
      "license": "MIT"
    },
    "node_modules/process-nextick-args": {
      "version": "2.0.0",
      "license": "MIT"
    },
    "node_modules/punycode": {
      "version": "2.1.1",
      "license": "MIT",
      "engines": {
        "node": ">=6"
      }
    },
    "node_modules/readable-stream": {
      "version": "2.3.6",
      "license": "MIT",
      "dependencies": {
        "core-util-is": "~1.0.0",
        "inherits": "~2.0.3",
        "isarray": "~1.0.0",
        "process-nextick-args": "~2.0.0",
        "safe-buffer": "~5.1.1",
        "string_decoder": "~1.1.1",
        "util-deprecate": "~1.0.1"
      }
    },
    "node_modules/regenerator-runtime": {
      "version": "0.11.1",
      "license": "MIT"
    },
    "node_modules/safe-buffer": {
      "version": "5.1.2",
      "license": "MIT"
    },
    "node_modules/safer-buffer": {
      "version": "2.1.2",
      "license": "MIT"
    },
    "node_modules/sprintf-js": {
      "version": "1.1.2",
      "license": "BSD-3-Clause"
    },
    "node_modules/string_decoder": {
      "version": "1.1.1",
      "license": "MIT",
      "dependencies": {
        "safe-buffer": "~5.1.0"
      }
    },
    "node_modules/tedious": {
      "version": "2.7.1",
      "license": "MIT",
      "dependencies": {
        "babel-runtime": "^6.26.0",
        "big-number": "0.3.1",
        "bl": "^1.2.2",
        "depd": "^1.1.2",
        "iconv-lite": "^0.4.23",
        "native-duplexpair": "^1.0.0",
        "punycode": "^2.1.0",
        "readable-stream": "^2.3.6",
        "sprintf-js": "^1.1.1"
      },
      "engines": {
        "node": ">= 4"
      }
    },
    "node_modules/util-deprecate": {
      "version": "1.0.2",
      "license": "MIT"
    }
  }
}
